
Microsoft Visual Studio Solution File, Format Version 12.00
# Visual Studio Version 17
VisualStudioVersion = 17.9.34728.123
MinimumVisualStudioVersion = 10.0.40219.1
Project("{FAE04EC0-301F-11D3-BF4B-00C04F79EFBC}") = "ProjectDB", "ProjectDB.csproj", "{D0C91A3F-3036-471F-9DE0-C6B88A6623B3}"
EndProject
Global
	GlobalSection(SolutionConfigurationPlatforms) = preSolution
		Debug|Any CPU = Debug|Any CPU
		Release|Any CPU = Release|Any CPU
	EndGlobalSection
	GlobalSection(ProjectConfigurationPlatforms) = postSolution
		{D0C91A3F-3036-471F-9DE0-C6B88A6623B3}.Debug|Any CPU.ActiveCfg = Debug|Any CPU
		{D0C91A3F-3036-471F-9DE0-C6B88A6623B3}.Debug|Any CPU.Build.0 = Debug|Any CPU
		{D0C91A3F-3036-471F-9DE0-C6B88A6623B3}.Release|Any CPU.ActiveCfg = Release|Any CPU
		{D0C91A3F-3036-471F-9DE0-C6B88A6623B3}.Release|Any CPU.Build.0 = Release|Any CPU
	EndGlobalSection
	GlobalSection(SolutionProperties) = preSolution
		HideSolutionNode = FALSE
	EndGlobalSection
	GlobalSection(ExtensibilityGlobals) = postSolution
		SolutionGuid = {6026F3B9-7109-4B2C-BB8B-D8514854A62F}
	EndGlobalSection
EndGlobal
